
Microsoft Visual Studio Solution File, Format Version 12.00
# Visual Studio Version 17
VisualStudioVersion = 17.13.35931.197 d17.13
MinimumVisualStudioVersion = 10.0.40219.1
Project("{FAE04EC0-301F-11D3-BF4B-00C04F79EFBC}") = "MyLittlePetGameAPI", "MyLittlePetGameAPI.csproj", "{A192694D-37A0-4236-8F3C-8FE45DE2A169}"
EndProject
Global
	GlobalSection(SolutionConfigurationPlatforms) = preSolution
		Debug|Any CPU = Debug|Any CPU
		Release|Any CPU = Release|Any CPU
	EndGlobalSection
	GlobalSection(ProjectConfigurationPlatforms) = postSolution
		{A192694D-37A0-4236-8F3C-8FE45DE2A169}.Debug|Any CPU.ActiveCfg = Debug|Any CPU
		{A192694D-37A0-4236-8F3C-8FE45DE2A169}.Debug|Any CPU.Build.0 = Debug|Any CPU
		{A192694D-37A0-4236-8F3C-8FE45DE2A169}.Release|Any CPU.ActiveCfg = Release|Any CPU
		{A192694D-37A0-4236-8F3C-8FE45DE2A169}.Release|Any CPU.Build.0 = Release|Any CPU
	EndGlobalSection
	GlobalSection(SolutionProperties) = preSolution
		HideSolutionNode = FALSE
	EndGlobalSection
	GlobalSection(ExtensibilityGlobals) = postSolution
		SolutionGuid = {C9EC4667-5608-44E3-825F-E1B4C48280E4}
	EndGlobalSection
EndGlobal
